
Microsoft Visual Studio Solution File, Format Version 11.00
# Visual Studio 2010
Project("{FAE04EC0-301F-11D3-BF4B-00C04F79EFBC}") = "Assembly-CSharp", "Assembly-CSharp.csproj", "{11CC299B-8460-93D7-C411-2BFED8066E83}"
EndProject
Project("{FAE04EC0-301F-11D3-BF4B-00C04F79EFBC}") = "Assembly-CSharp-Editor", "Assembly-CSharp-Editor.csproj", "{70A47FA3-B317-4152-C8BD-D8DD4602B770}"
EndProject
Global
	GlobalSection(SolutionConfigurationPlatforms) = preSolution
		Debug|Any CPU = Debug|Any CPU
		Release|Any CPU = Release|Any CPU
	EndGlobalSection
	GlobalSection(ProjectConfigurationPlatforms) = postSolution
		{11CC299B-8460-93D7-C411-2BFED8066E83}.Debug|Any CPU.ActiveCfg = Debug|Any CPU
		{11CC299B-8460-93D7-C411-2BFED8066E83}.Debug|Any CPU.Build.0 = Debug|Any CPU
		{11CC299B-8460-93D7-C411-2BFED8066E83}.Release|Any CPU.ActiveCfg = Release|Any CPU
		{11CC299B-8460-93D7-C411-2BFED8066E83}.Release|Any CPU.Build.0 = Release|Any CPU
		{70A47FA3-B317-4152-C8BD-D8DD4602B770}.Debug|Any CPU.ActiveCfg = Debug|Any CPU
		{70A47FA3-B317-4152-C8BD-D8DD4602B770}.Debug|Any CPU.Build.0 = Debug|Any CPU
		{70A47FA3-B317-4152-C8BD-D8DD4602B770}.Release|Any CPU.ActiveCfg = Release|Any CPU
		{70A47FA3-B317-4152-C8BD-D8DD4602B770}.Release|Any CPU.Build.0 = Release|Any CPU
	EndGlobalSection
	GlobalSection(SolutionProperties) = preSolution
		HideSolutionNode = FALSE
	EndGlobalSection
	GlobalSection(MonoDevelopProperties) = preSolution
		StartupItem = Assembly-CSharp.csproj
	EndGlobalSection
EndGlobal
